
Microsoft Visual Studio Solution File, Format Version 12.00
# Visual Studio Version 17
VisualStudioVersion = 17.10.35013.160
MinimumVisualStudioVersion = 10.0.40219.1
Project("{FAE04EC0-301F-11D3-BF4B-00C04F79EFBC}") = "API_endpoint", "API_endpoint\API_endpoint.csproj", "{EB7D33E3-2EA1-4AC6-BAC7-29570917EF75}"
EndProject
Global
	GlobalSection(SolutionConfigurationPlatforms) = preSolution
		Debug|Any CPU = Debug|Any CPU
		Release|Any CPU = Release|Any CPU
	EndGlobalSection
	GlobalSection(ProjectConfigurationPlatforms) = postSolution
		{EB7D33E3-2EA1-4AC6-BAC7-29570917EF75}.Debug|Any CPU.ActiveCfg = Debug|Any CPU
		{EB7D33E3-2EA1-4AC6-BAC7-29570917EF75}.Debug|Any CPU.Build.0 = Debug|Any CPU
		{EB7D33E3-2EA1-4AC6-BAC7-29570917EF75}.Release|Any CPU.ActiveCfg = Release|Any CPU
		{EB7D33E3-2EA1-4AC6-BAC7-29570917EF75}.Release|Any CPU.Build.0 = Release|Any CPU
	EndGlobalSection
	GlobalSection(SolutionProperties) = preSolution
		HideSolutionNode = FALSE
	EndGlobalSection
	GlobalSection(ExtensibilityGlobals) = postSolution
		SolutionGuid = {E9CDB3B0-90C2-418B-B282-597D71F0FF8B}
	EndGlobalSection
EndGlobal
